{
  "name": "game-of-earth",
  "version": "1.0.0",
  "lockfileVersion": 1,
  "requires": true,
  "dependencies": {
    "ts-priority-queue": {
      "version": "0.1.1",
      "resolved": "https://registry.npmjs.org/ts-priority-queue/-/ts-priority-queue-0.1.1.tgz",
      "integrity": "sha512-jNwbk4ItfTHVopnlQ/Z7UUlbF1TNsdXS2cb1W8kI6lm8UauIjs8CYSOEh1E/yrIEhl+HVFUMp60ma6fKuvBhBQ=="
    },
    "typescript": {
      "version": "4.4.3",
      "resolved": "https://registry.npmjs.org/typescript/-/typescript-4.4.3.tgz",
      "integrity": "sha512-4xfscpisVgqqDfPaJo5vkd+Qd/ItkoagnHpufr+i2QCHBsNYp+G7UAoyFl8aPtx879u38wPV65rZ8qbGZijalA==",
      "dev": true
    }
  }
}
